// !$*UTF8*$!
{
	archiveVersion = 1;
	classes = {
	};
	objectVersion = 46;
	objects = {

/* Begin PBXBuildFile section */
		50DC32111C5F875800931FE1 /* AppDelegate.swift in Sources */ = {isa = PBXBuildFile; fileRef = 50DC32101C5F875800931FE1 /* AppDelegate.swift */; };
		50DC32131C5F875800931FE1 /* HappinessViewController.swift in Sources */ = {isa = PBXBuildFile; fileRef = 50DC32121C5F875800931FE1 /* HappinessViewController.swift */; };
		50DC32161C5F875800931FE1 /* Main.storyboard in Resources */ = {isa = PBXBuildFile; fileRef = 50DC32141C5F875800931FE1 /* Main.storyboard */; };
		50DC32191C5F875800931FE1 /* Smiliness.xcdatamodeld in Sources */ = {isa = PBXBuildFile; fileRef = 50DC32171C5F875800931FE1 /* Smiliness.xcdatamodeld */; };
		50DC321B1C5F875800931FE1 /* Assets.xcassets in Resources */ = {isa = PBXBuildFile; fileRef = 50DC321A1C5F875800931FE1 /* Assets.xcassets */; };
		50DC321E1C5F875800931FE1 /* LaunchScreen.storyboard in Resources */ = {isa = PBXBuildFile; fileRef = 50DC321C1C5F875800931FE1 /* LaunchScreen.storyboard */; };
		50DC32261C5F87F500931FE1 /* FaceView.swift in Sources */ = {isa = PBXBuildFile; fileRef = 50DC32251C5F87F500931FE1 /* FaceView.swift */; };
/* End PBXBuildFile section */

/* Begin PBXFileReference section */
		50DC320D1C5F875800931FE1 /* Smiliness.app */ = {isa = PBXFileReference; explicitFileType = wrapper.application; includeInIndex = 0; path = Smiliness.app; sourceTree = BUILT_PRODUCTS_DIR; };
		50DC32101C5F875800931FE1 /* AppDelegate.swift */ = {isa = PBXFileReference; lastKnownFileType = sourcecode.swift; path = AppDelegate.swift; sourceTree = "<group>"; };
		50DC32121C5F875800931FE1 /* HappinessViewController.swift */ = {isa = PBXFileReference; lastKnownFileType = sourcecode.swift; path = HappinessViewController.swift; sourceTree = "<group>"; };
		50DC32151C5F875800931FE1 /* Base */ = {isa = PBXFileReference; lastKnownFileType = file.storyboard; name = Base; path = Base.lproj/Main.storyboard; sourceTree = "<group>"; };
		50DC32181C5F875800931FE1 /* Smiliness.xcdatamodel */ = {isa = PBXFileReference; lastKnownFileType = wrapper.xcdatamodel; path = Smiliness.xcdatamodel; sourceTree = "<group>"; };
		50DC321A1C5F875800931FE1 /* Assets.xcassets */ = {isa = PBXFileReference; lastKnownFileType = folder.assetcatalog; path = Assets.xcassets; sourceTree = "<group>"; };
		50DC321D1C5F875800931FE1 /* Base */ = {isa = PBXFileReference; lastKnownFileType = file.storyboard; name = Base; path = Base.lproj/LaunchScreen.storyboard; sourceTree = "<group>"; };
		50DC321F1C5F875800931FE1 /* Info.plist */ = {isa = PBXFileReference; lastKnownFileType = text.plist.xml; path = Info.plist; sourceTree = "<group>"; };
		50DC32251C5F87F500931FE1 /* FaceView.swift */ = {isa = PBXFileReference; fileEncoding = 4; lastKnownFileType = sourcecode.swift; path = FaceView.swift; sourceTree = "<group>"; };
/* End PBXFileReference section */

/* Begin PBXFrameworksBuildPhase section */
		50DC320A1C5F875800931FE1 /* Frameworks */ = {
			isa = PBXFrameworksBuildPhase;
			buildActionMask = 2147483647;
			files = (
			);
			runOnlyForDeploymentPostprocessing = 0;
		};
/* End PBXFrameworksBuildPhase section */

/* Begin PBXGroup section */
		50DC32041C5F875800931FE1 = {
			isa = PBXGroup;
			children = (
				50DC320F1C5F875800931FE1 /* Smiliness */,
				50DC320E1C5F875800931FE1 /* Products */,
			);
			sourceTree = "<group>";
		};
		50DC320E1C5F875800931FE1 /* Products */ = {
			isa = PBXGroup;
			children = (
				50DC320D1C5F875800931FE1 /* Smiliness.app */,
			);
			name = Products;
			sourceTree = "<group>";
		};
		50DC320F1C5F875800931FE1 /* Smiliness */ = {
			isa = PBXGroup;
			children = (
				50DC32101C5F875800931FE1 /* AppDelegate.swift */,
				50DC32121C5F875800931FE1 /* HappinessViewController.swift */,
				50DC32141C5F875800931FE1 /* Main.storyboard */,
				50DC321A1C5F875800931FE1 /* Assets.xcassets */,
				50DC321C1C5F875800931FE1 /* LaunchScreen.storyboard */,
				50DC321F1C5F875800931FE1 /* Info.plist */,
				50DC32171C5F875800931FE1 /* Smiliness.xcdatamodeld */,
				50DC32251C5F87F500931FE1 /* FaceView.swift */,
			);
			path = Smiliness;
			sourceTree = "<group>";
		};
/* End PBXGroup section */

/* Begin PBXNativeTarget section */
		50DC320C1C5F875800931FE1 /* Smiliness */ = {
			isa = PBXNativeTarget;
			buildConfigurationList = 50DC32221C5F875800931FE1 /* Build configuration list for PBXNativeTarget "Smiliness" */;
			buildPhases = (
				50DC32091C5F875800931FE1 /* Sources */,
				50DC320A1C5F875800931FE1 /* Frameworks */,
				50DC320B1C5F875800931FE1 /* Resources */,
			);
			buildRules = (
			);
			dependencies = (
			);
			name = Smiliness;
			productName = Smiliness;
			productReference = 50DC320D1C5F875800931FE1 /* Smiliness.app */;
			productType = "com.apple.product-type.application";
		};
/* End PBXNativeTarget section */

/* Begin PBXProject section */
		50DC32051C5F875800931FE1 /* Project object */ = {
			isa = PBXProject;
			attributes = {
				LastSwiftUpdateCheck = 0720;
				LastUpgradeCheck = 0720;
				ORGANIZATIONNAME = "Abdulrhman dev";
				TargetAttributes = {
					50DC320C1C5F875800931FE1 = {
						CreatedOnToolsVersion = 7.2;
						DevelopmentTeam = 85R85ZNGEX;
					};
				};
			};
			buildConfigurationList = 50DC32081C5F875800931FE1 /* Build configuration list for PBXProject "Smiliness" */;
			compatibilityVersion = "Xcode 3.2";
			developmentRegion = English;
			hasScannedForEncodings = 0;
			knownRegions = (
				en,
				Base,
			);
			mainGroup = 50DC32041C5F875800931FE1;
			productRefGroup = 50DC320E1C5F875800931FE1 /* Products */;
			projectDirPath = "";
			projectRoot = "";
			targets = (
				50DC320C1C5F875800931FE1 /* Smiliness */,
			);
		};
/* End PBXProject section */

/* Begin PBXResourcesBuildPhase section */
		50DC320B1C5F875800931FE1 /* Resources */ = {
			isa = PBXResourcesBuildPhase;
			buildActionMask = 2147483647;
			files = (
				50DC321E1C5F875800931FE1 /* LaunchScreen.storyboard in Resources */,
				50DC321B1C5F875800931FE1 /* Assets.xcassets in Resources */,
				50DC32161C5F875800931FE1 /* Main.storyboard in Resources */,
			);
			runOnlyForDeploymentPostprocessing = 0;
		};
/* End PBXResourcesBuildPhase section */

/* Begin PBXSourcesBuildPhase section */
		50DC32091C5F875800931FE1 /* Sources */ = {
			isa = PBXSourcesBuildPhase;
			buildActionMask = 2147483647;
			files = (
				50DC32131C5F875800931FE1 /* HappinessViewController.swift in Sources */,
				50DC32111C5F875800931FE1 /* AppDelegate.swift in Sources */,
				50DC32191C5F875800931FE1 /* Smiliness.xcdatamodeld in Sources */,
				50DC32261C5F87F500931FE1 /* FaceView.swift in Sources */,
			);
			runOnlyForDeploymentPostprocessing = 0;
		};
/* End PBXSourcesBuildPhase section */

/* Begin PBXVariantGroup section */
		50DC32141C5F875800931FE1 /* Main.storyboard */ = {
			isa = PBXVariantGroup;
			children = (
				50DC32151C5F875800931FE1 /* Base */,
			);
			name = Main.storyboard;
			sourceTree = "<group>";
		};
		50DC321C1C5F875800931FE1 /* LaunchScreen.storyboard */ = {
			isa = PBXVariantGroup;
			children = (
				50DC321D1C5F875800931FE1 /* Base */,
			);
			name = LaunchScreen.storyboard;
			sourceTree = "<group>";
		};
/* End PBXVariantGroup section */

/* Begin XCBuildConfiguration section */
		50DC32201C5F875800931FE1 /* Debug */ = {
			isa = XCBuildConfiguration;
			buildSettings = {
				ALWAYS_SEARCH_USER_PATHS = NO;
				CLANG_CXX_LANGUAGE_STANDARD = "gnu++0x";
				CLANG_CXX_LIBRARY = "libc++";
				CLANG_ENABLE_MODULES = YES;
				CLANG_ENABLE_OBJC_ARC = YES;
				CLANG_WARN_BOOL_CONVERSION = YES;
				CLANG_WARN_CONSTANT_CONVERSION = YES;
				CLANG_WARN_DIRECT_OBJC_ISA_USAGE = YES_ERROR;
				CLANG_WARN_EMPTY_BODY = YES;
				CLANG_WARN_ENUM_CONVERSION = YES;
				CLANG_WARN_INT_CONVERSION = YES;
				CLANG_WARN_OBJC_ROOT_CLASS = YES_ERROR;
				CLANG_WARN_UNREACHABLE_CODE = YES;
				CLANG_WARN__DUPLICATE_METHOD_MATCH = YES;
				"CODE_SIGN_IDENTITY[sdk=iphoneos*]" = "iPhone Developer";
				COPY_PHASE_STRIP = NO;
				DEBUG_INFORMATION_FORMAT = dwarf;
				ENABLE_STRICT_OBJC_MSGSEND = YES;
				ENABLE_TESTABILITY = YES;
				GCC_C_LANGUAGE_STANDARD = gnu99;
				GCC_DYNAMIC_NO_PIC = NO;
				GCC_NO_COMMON_BLOCKS = YES;
				GCC_OPTIMIZATION_LEVEL = 0;
				GCC_PREPROCESSOR_DEFINITIONS = (
					"DEBUG=1",
					"$(inherited)",
				);
				GCC_WARN_64_TO_32_BIT_CONVERSION = YES;
				GCC_WARN_ABOUT_RETURN_TYPE = YES_ERROR;
				GCC_WARN_UNDECLARED_SELECTOR = YES;
				GCC_WARN_UNINITIALIZED_AUTOS = YES_AGGRESSIVE;
				GCC_WARN_UNUSED_FUNCTION = YES;
				GCC_WARN_UNUSED_VARIABLE = YES;
				IPHONEOS_DEPLOYMENT_TARGET = 9.2;
				MTL_ENABLE_DEBUG_INFO = YES;
				ONLY_ACTIVE_ARCH = YES;
				SDKROOT = iphoneos;
				SWIFT_OPTIMIZATION_LEVEL = "-Onone";
				TARGETED_DEVICE_FAMILY = "1,2";
			};
			name = Debug;
		};
		50DC32211C5F875800931FE1 /* Release */ = {
			isa = XCBuildConfiguration;
			buildSettings = {
				ALWAYS_SEARCH_USER_PATHS = NO;
				CLANG_CXX_LANGUAGE_STANDARD = "gnu++0x";
				CLANG_CXX_LIBRARY = "libc++";
				CLANG_ENABLE_MODULES = YES;
				CLANG_ENABLE_OBJC_ARC = YES;
				CLANG_WARN_BOOL_CONVERSION = YES;
				CLANG_WARN_CONSTANT_CONVERSION = YES;
				CLANG_WARN_DIRECT_OBJC_ISA_USAGE = YES_ERROR;
				CLANG_WARN_EMPTY_BODY = YES;
				CLANG_WARN_ENUM_CONVERSION = YES;
				CLANG_WARN_INT_CONVERSION = YES;
				CLANG_WARN_OBJC_ROOT_CLASS = YES_ERROR;
				CLANG_WARN_UNREACHABLE_CODE = YES;
				CLANG_WARN__DUPLICATE_METHOD_MATCH = YES;
				"CODE_SIGN_IDENTITY[sdk=iphoneos*]" = "iPhone Developer";
				COPY_PHASE_STRIP = NO;
				DEBUG_INFORMATION_FORMAT = "dwarf-with-dsym";
				ENABLE_NS_ASSERTIONS = NO;
				ENABLE_STRICT_OBJC_MSGSEND = YES;
				GCC_C_LANGUAGE_STANDARD = gnu99;
				GCC_NO_COMMON_BLOCKS = YES;
				GCC_WARN_64_TO_32_BIT_CONVERSION = YES;
				GCC_WARN_ABOUT_RETURN_TYPE = YES_ERROR;
				GCC_WARN_UNDECLARED_SELECTOR = YES;
				GCC_WARN_UNINITIALIZED_AUTOS = YES_AGGRESSIVE;
				GCC_WARN_UNUSED_FUNCTION = YES;
				GCC_WARN_UNUSED_VARIABLE = YES;
				IPHONEOS_DEPLOYMENT_TARGET = 9.2;
				MTL_ENABLE_DEBUG_INFO = NO;
				SDKROOT = iphoneos;
				TARGETED_DEVICE_FAMILY = "1,2";
				VALIDATE_PRODUCT = YES;
			};
			name = Release;
		};
		50DC32231C5F875800931FE1 /* Debug */ = {
			isa = XCBuildConfiguration;
			buildSettings = {
				ASSETCATALOG_COMPILER_APPICON_NAME = AppIcon;
				INFOPLIST_FILE = Smiliness/Info.plist;
				LD_RUNPATH_SEARCH_PATHS = "$(inherited) @executable_path/Frameworks";
				PRODUCT_BUNDLE_IDENTIFIER = Abdo.xCode.dev.Smiliness;
				PRODUCT_NAME = "$(TARGET_NAME)";
			};
			name = Debug;
		};
		50DC32241C5F875800931FE1 /* Release */ = {
			isa = XCBuildConfiguration;
			buildSettings = {
				ASSETCATALOG_COMPILER_APPICON_NAME = AppIcon;
				INFOPLIST_FILE = Smiliness/Info.plist;
				LD_RUNPATH_SEARCH_PATHS = "$(inherited) @executable_path/Frameworks";
				PRODUCT_BUNDLE_IDENTIFIER = Abdo.xCode.dev.Smiliness;
				PRODUCT_NAME = "$(TARGET_NAME)";
			};
			name = Release;
		};
/* End XCBuildConfiguration section */

/* Begin XCConfigurationList section */
		50DC32081C5F875800931FE1 /* Build configuration list for PBXProject "Smiliness" */ = {
			isa = XCConfigurationList;
			buildConfigurations = (
				50DC32201C5F875800931FE1 /* Debug */,
				50DC32211C5F875800931FE1 /* Release */,
			);
			defaultConfigurationIsVisible = 0;
			defaultConfigurationName = Release;
		};
		50DC32221C5F875800931FE1 /* Build configuration list for PBXNativeTarget "Smiliness" */ = {
			isa = XCConfigurationList;
			buildConfigurations = (
				50DC32231C5F875800931FE1 /* Debug */,
				50DC32241C5F875800931FE1 /* Release */,
			);
			defaultConfigurationIsVisible = 0;
			defaultConfigurationName = Release;
		};
/* End XCConfigurationList section */

/* Begin XCVersionGroup section */
		50DC32171C5F875800931FE1 /* Smiliness.xcdatamodeld */ = {
			isa = XCVersionGroup;
			children = (
				50DC32181C5F875800931FE1 /* Smiliness.xcdatamodel */,
			);
			currentVersion = 50DC32181C5F875800931FE1 /* Smiliness.xcdatamodel */;
			path = Smiliness.xcdatamodeld;
			sourceTree = "<group>";
			versionGroupType = wrapper.xcdatamodel;
		};
/* End XCVersionGroup section */
	};
	rootObject = 50DC32051C5F875800931FE1 /* Project object */;
}
