// !$*UTF8*$!
{
	archiveVersion = 1;
	classes = {
	};
	objectVersion = 46;
	objects = {

/* Begin PBXBuildFile section */
		50E941091C6E10FC00AE0DFC /* AppDelegate.swift in Sources */ = {isa = PBXBuildFile; fileRef = 50E941081C6E10FC00AE0DFC /* AppDelegate.swift */; };
		50E9410B1C6E10FC00AE0DFC /* ViewController.swift in Sources */ = {isa = PBXBuildFile; fileRef = 50E9410A1C6E10FC00AE0DFC /* ViewController.swift */; };
		50E9410E1C6E10FC00AE0DFC /* Main.storyboard in Resources */ = {isa = PBXBuildFile; fileRef = 50E9410C1C6E10FC00AE0DFC /* Main.storyboard */; };
		50E941101C6E10FC00AE0DFC /* Assets.xcassets in Resources */ = {isa = PBXBuildFile; fileRef = 50E9410F1C6E10FC00AE0DFC /* Assets.xcassets */; };
		50E941131C6E10FC00AE0DFC /* LaunchScreen.storyboard in Resources */ = {isa = PBXBuildFile; fileRef = 50E941111C6E10FC00AE0DFC /* LaunchScreen.storyboard */; };
/* End PBXBuildFile section */

/* Begin PBXFileReference section */
		50E941051C6E10FC00AE0DFC /* Cassini.app */ = {isa = PBXFileReference; explicitFileType = wrapper.application; includeInIndex = 0; path = Cassini.app; sourceTree = BUILT_PRODUCTS_DIR; };
		50E941081C6E10FC00AE0DFC /* AppDelegate.swift */ = {isa = PBXFileReference; lastKnownFileType = sourcecode.swift; path = AppDelegate.swift; sourceTree = "<group>"; };
		50E9410A1C6E10FC00AE0DFC /* ViewController.swift */ = {isa = PBXFileReference; lastKnownFileType = sourcecode.swift; path = ViewController.swift; sourceTree = "<group>"; };
		50E9410D1C6E10FC00AE0DFC /* Base */ = {isa = PBXFileReference; lastKnownFileType = file.storyboard; name = Base; path = Base.lproj/Main.storyboard; sourceTree = "<group>"; };
		50E9410F1C6E10FC00AE0DFC /* Assets.xcassets */ = {isa = PBXFileReference; lastKnownFileType = folder.assetcatalog; path = Assets.xcassets; sourceTree = "<group>"; };
		50E941121C6E10FC00AE0DFC /* Base */ = {isa = PBXFileReference; lastKnownFileType = file.storyboard; name = Base; path = Base.lproj/LaunchScreen.storyboard; sourceTree = "<group>"; };
		50E941141C6E10FC00AE0DFC /* Info.plist */ = {isa = PBXFileReference; lastKnownFileType = text.plist.xml; path = Info.plist; sourceTree = "<group>"; };
/* End PBXFileReference section */

/* Begin PBXFrameworksBuildPhase section */
		50E941021C6E10FC00AE0DFC /* Frameworks */ = {
			isa = PBXFrameworksBuildPhase;
			buildActionMask = 2147483647;
			files = (
			);
			runOnlyForDeploymentPostprocessing = 0;
		};
/* End PBXFrameworksBuildPhase section */

/* Begin PBXGroup section */
		50E940FC1C6E10FC00AE0DFC = {
			isa = PBXGroup;
			children = (
				50E941071C6E10FC00AE0DFC /* Cassini */,
				50E941061C6E10FC00AE0DFC /* Products */,
			);
			sourceTree = "<group>";
		};
		50E941061C6E10FC00AE0DFC /* Products */ = {
			isa = PBXGroup;
			children = (
				50E941051C6E10FC00AE0DFC /* Cassini.app */,
			);
			name = Products;
			sourceTree = "<group>";
		};
		50E941071C6E10FC00AE0DFC /* Cassini */ = {
			isa = PBXGroup;
			children = (
				50E941081C6E10FC00AE0DFC /* AppDelegate.swift */,
				50E9410A1C6E10FC00AE0DFC /* ViewController.swift */,
				50E9410C1C6E10FC00AE0DFC /* Main.storyboard */,
				50E9410F1C6E10FC00AE0DFC /* Assets.xcassets */,
				50E941111C6E10FC00AE0DFC /* LaunchScreen.storyboard */,
				50E941141C6E10FC00AE0DFC /* Info.plist */,
			);
			path = Cassini;
			sourceTree = "<group>";
		};
/* End PBXGroup section */

/* Begin PBXNativeTarget section */
		50E941041C6E10FC00AE0DFC /* Cassini */ = {
			isa = PBXNativeTarget;
			buildConfigurationList = 50E941171C6E10FC00AE0DFC /* Build configuration list for PBXNativeTarget "Cassini" */;
			buildPhases = (
				50E941011C6E10FC00AE0DFC /* Sources */,
				50E941021C6E10FC00AE0DFC /* Frameworks */,
				50E941031C6E10FC00AE0DFC /* Resources */,
			);
			buildRules = (
			);
			dependencies = (
			);
			name = Cassini;
			productName = Cassini;
			productReference = 50E941051C6E10FC00AE0DFC /* Cassini.app */;
			productType = "com.apple.product-type.application";
		};
/* End PBXNativeTarget section */

/* Begin PBXProject section */
		50E940FD1C6E10FC00AE0DFC /* Project object */ = {
			isa = PBXProject;
			attributes = {
				LastSwiftUpdateCheck = 0720;
				LastUpgradeCheck = 0720;
				ORGANIZATIONNAME = "Abdulrhman dev";
				TargetAttributes = {
					50E941041C6E10FC00AE0DFC = {
						CreatedOnToolsVersion = 7.2.1;
						DevelopmentTeam = 85R85ZNGEX;
					};
				};
			};
			buildConfigurationList = 50E941001C6E10FC00AE0DFC /* Build configuration list for PBXProject "Cassini" */;
			compatibilityVersion = "Xcode 3.2";
			developmentRegion = English;
			hasScannedForEncodings = 0;
			knownRegions = (
				en,
				Base,
			);
			mainGroup = 50E940FC1C6E10FC00AE0DFC;
			productRefGroup = 50E941061C6E10FC00AE0DFC /* Products */;
			projectDirPath = "";
			projectRoot = "";
			targets = (
				50E941041C6E10FC00AE0DFC /* Cassini */,
			);
		};
/* End PBXProject section */

/* Begin PBXResourcesBuildPhase section */
		50E941031C6E10FC00AE0DFC /* Resources */ = {
			isa = PBXResourcesBuildPhase;
			buildActionMask = 2147483647;
			files = (
				50E941131C6E10FC00AE0DFC /* LaunchScreen.storyboard in Resources */,
				50E941101C6E10FC00AE0DFC /* Assets.xcassets in Resources */,
				50E9410E1C6E10FC00AE0DFC /* Main.storyboard in Resources */,
			);
			runOnlyForDeploymentPostprocessing = 0;
		};
/* End PBXResourcesBuildPhase section */

/* Begin PBXSourcesBuildPhase section */
		50E941011C6E10FC00AE0DFC /* Sources */ = {
			isa = PBXSourcesBuildPhase;
			buildActionMask = 2147483647;
			files = (
				50E9410B1C6E10FC00AE0DFC /* ViewController.swift in Sources */,
				50E941091C6E10FC00AE0DFC /* AppDelegate.swift in Sources */,
			);
			runOnlyForDeploymentPostprocessing = 0;
		};
/* End PBXSourcesBuildPhase section */

/* Begin PBXVariantGroup section */
		50E9410C1C6E10FC00AE0DFC /* Main.storyboard */ = {
			isa = PBXVariantGroup;
			children = (
				50E9410D1C6E10FC00AE0DFC /* Base */,
			);
			name = Main.storyboard;
			sourceTree = "<group>";
		};
		50E941111C6E10FC00AE0DFC /* LaunchScreen.storyboard */ = {
			isa = PBXVariantGroup;
			children = (
				50E941121C6E10FC00AE0DFC /* Base */,
			);
			name = LaunchScreen.storyboard;
			sourceTree = "<group>";
		};
/* End PBXVariantGroup section */

/* Begin XCBuildConfiguration section */
		50E941151C6E10FC00AE0DFC /* Debug */ = {
			isa = XCBuildConfiguration;
			buildSettings = {
				ALWAYS_SEARCH_USER_PATHS = NO;
				CLANG_CXX_LANGUAGE_STANDARD = "gnu++0x";
				CLANG_CXX_LIBRARY = "libc++";
				CLANG_ENABLE_MODULES = YES;
				CLANG_ENABLE_OBJC_ARC = YES;
				CLANG_WARN_BOOL_CONVERSION = YES;
				CLANG_WARN_CONSTANT_CONVERSION = YES;
				CLANG_WARN_DIRECT_OBJC_ISA_USAGE = YES_ERROR;
				CLANG_WARN_EMPTY_BODY = YES;
				CLANG_WARN_ENUM_CONVERSION = YES;
				CLANG_WARN_INT_CONVERSION = YES;
				CLANG_WARN_OBJC_ROOT_CLASS = YES_ERROR;
				CLANG_WARN_UNREACHABLE_CODE = YES;
				CLANG_WARN__DUPLICATE_METHOD_MATCH = YES;
				"CODE_SIGN_IDENTITY[sdk=iphoneos*]" = "iPhone Developer";
				COPY_PHASE_STRIP = NO;
				DEBUG_INFORMATION_FORMAT = dwarf;
				ENABLE_STRICT_OBJC_MSGSEND = YES;
				ENABLE_TESTABILITY = YES;
				GCC_C_LANGUAGE_STANDARD = gnu99;
				GCC_DYNAMIC_NO_PIC = NO;
				GCC_NO_COMMON_BLOCKS = YES;
				GCC_OPTIMIZATION_LEVEL = 0;
				GCC_PREPROCESSOR_DEFINITIONS = (
					"DEBUG=1",
					"$(inherited)",
				);
				GCC_WARN_64_TO_32_BIT_CONVERSION = YES;
				GCC_WARN_ABOUT_RETURN_TYPE = YES_ERROR;
				GCC_WARN_UNDECLARED_SELECTOR = YES;
				GCC_WARN_UNINITIALIZED_AUTOS = YES_AGGRESSIVE;
				GCC_WARN_UNUSED_FUNCTION = YES;
				GCC_WARN_UNUSED_VARIABLE = YES;
				IPHONEOS_DEPLOYMENT_TARGET = 9.2;
				MTL_ENABLE_DEBUG_INFO = YES;
				ONLY_ACTIVE_ARCH = YES;
				SDKROOT = iphoneos;
				SWIFT_OPTIMIZATION_LEVEL = "-Onone";
				TARGETED_DEVICE_FAMILY = "1,2";
			};
			name = Debug;
		};
		50E941161C6E10FC00AE0DFC /* Release */ = {
			isa = XCBuildConfiguration;
			buildSettings = {
				ALWAYS_SEARCH_USER_PATHS = NO;
				CLANG_CXX_LANGUAGE_STANDARD = "gnu++0x";
				CLANG_CXX_LIBRARY = "libc++";
				CLANG_ENABLE_MODULES = YES;
				CLANG_ENABLE_OBJC_ARC = YES;
				CLANG_WARN_BOOL_CONVERSION = YES;
				CLANG_WARN_CONSTANT_CONVERSION = YES;
				CLANG_WARN_DIRECT_OBJC_ISA_USAGE = YES_ERROR;
				CLANG_WARN_EMPTY_BODY = YES;
				CLANG_WARN_ENUM_CONVERSION = YES;
				CLANG_WARN_INT_CONVERSION = YES;
				CLANG_WARN_OBJC_ROOT_CLASS = YES_ERROR;
				CLANG_WARN_UNREACHABLE_CODE = YES;
				CLANG_WARN__DUPLICATE_METHOD_MATCH = YES;
				"CODE_SIGN_IDENTITY[sdk=iphoneos*]" = "iPhone Developer";
				COPY_PHASE_STRIP = NO;
				DEBUG_INFORMATION_FORMAT = "dwarf-with-dsym";
				ENABLE_NS_ASSERTIONS = NO;
				ENABLE_STRICT_OBJC_MSGSEND = YES;
				GCC_C_LANGUAGE_STANDARD = gnu99;
				GCC_NO_COMMON_BLOCKS = YES;
				GCC_WARN_64_TO_32_BIT_CONVERSION = YES;
				GCC_WARN_ABOUT_RETURN_TYPE = YES_ERROR;
				GCC_WARN_UNDECLARED_SELECTOR = YES;
				GCC_WARN_UNINITIALIZED_AUTOS = YES_AGGRESSIVE;
				GCC_WARN_UNUSED_FUNCTION = YES;
				GCC_WARN_UNUSED_VARIABLE = YES;
				IPHONEOS_DEPLOYMENT_TARGET = 9.2;
				MTL_ENABLE_DEBUG_INFO = NO;
				SDKROOT = iphoneos;
				TARGETED_DEVICE_FAMILY = "1,2";
				VALIDATE_PRODUCT = YES;
			};
			name = Release;
		};
		50E941181C6E10FC00AE0DFC /* Debug */ = {
			isa = XCBuildConfiguration;
			buildSettings = {
				ASSETCATALOG_COMPILER_APPICON_NAME = AppIcon;
				INFOPLIST_FILE = Cassini/Info.plist;
				LD_RUNPATH_SEARCH_PATHS = "$(inherited) @executable_path/Frameworks";
				PRODUCT_BUNDLE_IDENTIFIER = Abdo.xCode.dev.Cassini;
				PRODUCT_NAME = "$(TARGET_NAME)";
			};
			name = Debug;
		};
		50E941191C6E10FC00AE0DFC /* Release */ = {
			isa = XCBuildConfiguration;
			buildSettings = {
				ASSETCATALOG_COMPILER_APPICON_NAME = AppIcon;
				INFOPLIST_FILE = Cassini/Info.plist;
				LD_RUNPATH_SEARCH_PATHS = "$(inherited) @executable_path/Frameworks";
				PRODUCT_BUNDLE_IDENTIFIER = Abdo.xCode.dev.Cassini;
				PRODUCT_NAME = "$(TARGET_NAME)";
			};
			name = Release;
		};
/* End XCBuildConfiguration section */

/* Begin XCConfigurationList section */
		50E941001C6E10FC00AE0DFC /* Build configuration list for PBXProject "Cassini" */ = {
			isa = XCConfigurationList;
			buildConfigurations = (
				50E941151C6E10FC00AE0DFC /* Debug */,
				50E941161C6E10FC00AE0DFC /* Release */,
			);
			defaultConfigurationIsVisible = 0;
			defaultConfigurationName = Release;
		};
		50E941171C6E10FC00AE0DFC /* Build configuration list for PBXNativeTarget "Cassini" */ = {
			isa = XCConfigurationList;
			buildConfigurations = (
				50E941181C6E10FC00AE0DFC /* Debug */,
				50E941191C6E10FC00AE0DFC /* Release */,
			);
			defaultConfigurationIsVisible = 0;
		};
/* End XCConfigurationList section */
	};
	rootObject = 50E940FD1C6E10FC00AE0DFC /* Project object */;
}
